// !$*UTF8*$!
{
	archiveVersion = 1;
	classes = {
	};
	objectVersion = 46;
	objects = {

/* Begin PBXBuildFile section */
		94A270592002702100A73F77 /* AppDelegate.swift in Sources */ = {isa = PBXBuildFile; fileRef = 94A270582002702100A73F77 /* AppDelegate.swift */; };
		94A2705B2002702100A73F77 /* ViewController.swift in Sources */ = {isa = PBXBuildFile; fileRef = 94A2705A2002702100A73F77 /* ViewController.swift */; };
		94A2705E2002702100A73F77 /* Main.storyboard in Resources */ = {isa = PBXBuildFile; fileRef = 94A2705C2002702100A73F77 /* Main.storyboard */; };
		94A270602002702100A73F77 /* Assets.xcassets in Resources */ = {isa = PBXBuildFile; fileRef = 94A2705F2002702100A73F77 /* Assets.xcassets */; };
		94A270632002702100A73F77 /* LaunchScreen.storyboard in Resources */ = {isa = PBXBuildFile; fileRef = 94A270612002702100A73F77 /* LaunchScreen.storyboard */; };
/* End PBXBuildFile section */

/* Begin PBXFileReference section */
		94A270552002702100A73F77 /* Pokemon-Pokedex.app */ = {isa = PBXFileReference; explicitFileType = wrapper.application; includeInIndex = 0; path = "Pokemon-Pokedex.app"; sourceTree = BUILT_PRODUCTS_DIR; };
		94A270582002702100A73F77 /* AppDelegate.swift */ = {isa = PBXFileReference; lastKnownFileType = sourcecode.swift; path = AppDelegate.swift; sourceTree = "<group>"; };
		94A2705A2002702100A73F77 /* ViewController.swift */ = {isa = PBXFileReference; lastKnownFileType = sourcecode.swift; path = ViewController.swift; sourceTree = "<group>"; };
		94A2705D2002702100A73F77 /* Base */ = {isa = PBXFileReference; lastKnownFileType = file.storyboard; name = Base; path = Base.lproj/Main.storyboard; sourceTree = "<group>"; };
		94A2705F2002702100A73F77 /* Assets.xcassets */ = {isa = PBXFileReference; lastKnownFileType = folder.assetcatalog; path = Assets.xcassets; sourceTree = "<group>"; };
		94A270622002702100A73F77 /* Base */ = {isa = PBXFileReference; lastKnownFileType = file.storyboard; name = Base; path = Base.lproj/LaunchScreen.storyboard; sourceTree = "<group>"; };
		94A270642002702100A73F77 /* Info.plist */ = {isa = PBXFileReference; lastKnownFileType = text.plist.xml; path = Info.plist; sourceTree = "<group>"; };
/* End PBXFileReference section */

/* Begin PBXFrameworksBuildPhase section */
		94A270522002702100A73F77 /* Frameworks */ = {
			isa = PBXFrameworksBuildPhase;
			buildActionMask = 2147483647;
			files = (
			);
			runOnlyForDeploymentPostprocessing = 0;
		};
/* End PBXFrameworksBuildPhase section */

/* Begin PBXGroup section */
		94A2704C2002702000A73F77 = {
			isa = PBXGroup;
			children = (
				94A270572002702100A73F77 /* Pokemon-Pokedex */,
				94A270562002702100A73F77 /* Products */,
			);
			sourceTree = "<group>";
		};
		94A270562002702100A73F77 /* Products */ = {
			isa = PBXGroup;
			children = (
				94A270552002702100A73F77 /* Pokemon-Pokedex.app */,
			);
			name = Products;
			sourceTree = "<group>";
		};
		94A270572002702100A73F77 /* Pokemon-Pokedex */ = {
			isa = PBXGroup;
			children = (
				94A270582002702100A73F77 /* AppDelegate.swift */,
				94A2705A2002702100A73F77 /* ViewController.swift */,
				94A2705C2002702100A73F77 /* Main.storyboard */,
				94A2705F2002702100A73F77 /* Assets.xcassets */,
				94A270612002702100A73F77 /* LaunchScreen.storyboard */,
				94A270642002702100A73F77 /* Info.plist */,
			);
			path = "Pokemon-Pokedex";
			sourceTree = "<group>";
		};
/* End PBXGroup section */

/* Begin PBXNativeTarget section */
		94A270542002702100A73F77 /* Pokemon-Pokedex */ = {
			isa = PBXNativeTarget;
			buildConfigurationList = 94A270672002702100A73F77 /* Build configuration list for PBXNativeTarget "Pokemon-Pokedex" */;
			buildPhases = (
				94A270512002702100A73F77 /* Sources */,
				94A270522002702100A73F77 /* Frameworks */,
				94A270532002702100A73F77 /* Resources */,
			);
			buildRules = (
			);
			dependencies = (
			);
			name = "Pokemon-Pokedex";
			productName = "Pokemon-Pokedex";
			productReference = 94A270552002702100A73F77 /* Pokemon-Pokedex.app */;
			productType = "com.apple.product-type.application";
		};
/* End PBXNativeTarget section */

/* Begin PBXProject section */
		94A2704D2002702100A73F77 /* Project object */ = {
			isa = PBXProject;
			attributes = {
				LastSwiftUpdateCheck = 0820;
				LastUpgradeCheck = 0820;
				ORGANIZATIONNAME = "Chaudhary Himanshu Raj";
				TargetAttributes = {
					94A270542002702100A73F77 = {
						CreatedOnToolsVersion = 8.2;
						DevelopmentTeam = F3STVUX4CB;
						ProvisioningStyle = Automatic;
					};
				};
			};
			buildConfigurationList = 94A270502002702100A73F77 /* Build configuration list for PBXProject "Pokemon-Pokedex" */;
			compatibilityVersion = "Xcode 3.2";
			developmentRegion = English;
			hasScannedForEncodings = 0;
			knownRegions = (
				en,
				Base,
			);
			mainGroup = 94A2704C2002702000A73F77;
			productRefGroup = 94A270562002702100A73F77 /* Products */;
			projectDirPath = "";
			projectRoot = "";
			targets = (
				94A270542002702100A73F77 /* Pokemon-Pokedex */,
			);
		};
/* End PBXProject section */

/* Begin PBXResourcesBuildPhase section */
		94A270532002702100A73F77 /* Resources */ = {
			isa = PBXResourcesBuildPhase;
			buildActionMask = 2147483647;
			files = (
				94A270632002702100A73F77 /* LaunchScreen.storyboard in Resources */,
				94A270602002702100A73F77 /* Assets.xcassets in Resources */,
				94A2705E2002702100A73F77 /* Main.storyboard in Resources */,
			);
			runOnlyForDeploymentPostprocessing = 0;
		};
/* End PBXResourcesBuildPhase section */

/* Begin PBXSourcesBuildPhase section */
		94A270512002702100A73F77 /* Sources */ = {
			isa = PBXSourcesBuildPhase;
			buildActionMask = 2147483647;
			files = (
				94A2705B2002702100A73F77 /* ViewController.swift in Sources */,
				94A270592002702100A73F77 /* AppDelegate.swift in Sources */,
			);
			runOnlyForDeploymentPostprocessing = 0;
		};
/* End PBXSourcesBuildPhase section */

/* Begin PBXVariantGroup section */
		94A2705C2002702100A73F77 /* Main.storyboard */ = {
			isa = PBXVariantGroup;
			children = (
				94A2705D2002702100A73F77 /* Base */,
			);
			name = Main.storyboard;
			sourceTree = "<group>";
		};
		94A270612002702100A73F77 /* LaunchScreen.storyboard */ = {
			isa = PBXVariantGroup;
			children = (
				94A270622002702100A73F77 /* Base */,
			);
			name = LaunchScreen.storyboard;
			sourceTree = "<group>";
		};
/* End PBXVariantGroup section */

/* Begin XCBuildConfiguration section */
		94A270652002702100A73F77 /* Debug */ = {
			isa = XCBuildConfiguration;
			buildSettings = {
				ALWAYS_SEARCH_USER_PATHS = NO;
				CLANG_ANALYZER_NONNULL = YES;
				CLANG_CXX_LANGUAGE_STANDARD = "gnu++0x";
				CLANG_CXX_LIBRARY = "libc++";
				CLANG_ENABLE_MODULES = YES;
				CLANG_ENABLE_OBJC_ARC = YES;
				CLANG_WARN_BOOL_CONVERSION = YES;
				CLANG_WARN_CONSTANT_CONVERSION = YES;
				CLANG_WARN_DIRECT_OBJC_ISA_USAGE = YES_ERROR;
				CLANG_WARN_DOCUMENTATION_COMMENTS = YES;
				CLANG_WARN_EMPTY_BODY = YES;
				CLANG_WARN_ENUM_CONVERSION = YES;
				CLANG_WARN_INFINITE_RECURSION = YES;
				CLANG_WARN_INT_CONVERSION = YES;
				CLANG_WARN_OBJC_ROOT_CLASS = YES_ERROR;
				CLANG_WARN_SUSPICIOUS_MOVE = YES;
				CLANG_WARN_UNREACHABLE_CODE = YES;
				CLANG_WARN__DUPLICATE_METHOD_MATCH = YES;
				"CODE_SIGN_IDENTITY[sdk=iphoneos*]" = "iPhone Developer";
				COPY_PHASE_STRIP = NO;
				DEBUG_INFORMATION_FORMAT = dwarf;
				ENABLE_STRICT_OBJC_MSGSEND = YES;
				ENABLE_TESTABILITY = YES;
				GCC_C_LANGUAGE_STANDARD = gnu99;
				GCC_DYNAMIC_NO_PIC = NO;
				GCC_NO_COMMON_BLOCKS = YES;
				GCC_OPTIMIZATION_LEVEL = 0;
				GCC_PREPROCESSOR_DEFINITIONS = (
					"DEBUG=1",
					"$(inherited)",
				);
				GCC_WARN_64_TO_32_BIT_CONVERSION = YES;
				GCC_WARN_ABOUT_RETURN_TYPE = YES_ERROR;
				GCC_WARN_UNDECLARED_SELECTOR = YES;
				GCC_WARN_UNINITIALIZED_AUTOS = YES_AGGRESSIVE;
				GCC_WARN_UNUSED_FUNCTION = YES;
				GCC_WARN_UNUSED_VARIABLE = YES;
				IPHONEOS_DEPLOYMENT_TARGET = 10.2;
				MTL_ENABLE_DEBUG_INFO = YES;
				ONLY_ACTIVE_ARCH = YES;
				SDKROOT = iphoneos;
				SWIFT_ACTIVE_COMPILATION_CONDITIONS = DEBUG;
				SWIFT_OPTIMIZATION_LEVEL = "-Onone";
				TARGETED_DEVICE_FAMILY = "1,2";
			};
			name = Debug;
		};
		94A270662002702100A73F77 /* Release */ = {
			isa = XCBuildConfiguration;
			buildSettings = {
				ALWAYS_SEARCH_USER_PATHS = NO;
				CLANG_ANALYZER_NONNULL = YES;
				CLANG_CXX_LANGUAGE_STANDARD = "gnu++0x";
				CLANG_CXX_LIBRARY = "libc++";
				CLANG_ENABLE_MODULES = YES;
				CLANG_ENABLE_OBJC_ARC = YES;
				CLANG_WARN_BOOL_CONVERSION = YES;
				CLANG_WARN_CONSTANT_CONVERSION = YES;
				CLANG_WARN_DIRECT_OBJC_ISA_USAGE = YES_ERROR;
				CLANG_WARN_DOCUMENTATION_COMMENTS = YES;
				CLANG_WARN_EMPTY_BODY = YES;
				CLANG_WARN_ENUM_CONVERSION = YES;
				CLANG_WARN_INFINITE_RECURSION = YES;
				CLANG_WARN_INT_CONVERSION = YES;
				CLANG_WARN_OBJC_ROOT_CLASS = YES_ERROR;
				CLANG_WARN_SUSPICIOUS_MOVE = YES;
				CLANG_WARN_UNREACHABLE_CODE = YES;
				CLANG_WARN__DUPLICATE_METHOD_MATCH = YES;
				"CODE_SIGN_IDENTITY[sdk=iphoneos*]" = "iPhone Developer";
				COPY_PHASE_STRIP = NO;
				DEBUG_INFORMATION_FORMAT = "dwarf-with-dsym";
				ENABLE_NS_ASSERTIONS = NO;
				ENABLE_STRICT_OBJC_MSGSEND = YES;
				GCC_C_LANGUAGE_STANDARD = gnu99;
				GCC_NO_COMMON_BLOCKS = YES;
				GCC_WARN_64_TO_32_BIT_CONVERSION = YES;
				GCC_WARN_ABOUT_RETURN_TYPE = YES_ERROR;
				GCC_WARN_UNDECLARED_SELECTOR = YES;
				GCC_WARN_UNINITIALIZED_AUTOS = YES_AGGRESSIVE;
				GCC_WARN_UNUSED_FUNCTION = YES;
				GCC_WARN_UNUSED_VARIABLE = YES;
				IPHONEOS_DEPLOYMENT_TARGET = 10.2;
				MTL_ENABLE_DEBUG_INFO = NO;
				SDKROOT = iphoneos;
				SWIFT_OPTIMIZATION_LEVEL = "-Owholemodule";
				TARGETED_DEVICE_FAMILY = "1,2";
				VALIDATE_PRODUCT = YES;
			};
			name = Release;
		};
		94A270682002702100A73F77 /* Debug */ = {
			isa = XCBuildConfiguration;
			buildSettings = {
				ASSETCATALOG_COMPILER_APPICON_NAME = AppIcon;
				DEVELOPMENT_TEAM = F3STVUX4CB;
				INFOPLIST_FILE = "Pokemon-Pokedex/Info.plist";
				LD_RUNPATH_SEARCH_PATHS = "$(inherited) @executable_path/Frameworks";
				PRODUCT_BUNDLE_IDENTIFIER = "CHR.Pokemon-Pokedex";
				PRODUCT_NAME = "$(TARGET_NAME)";
				SWIFT_VERSION = 3.0;
			};
			name = Debug;
		};
		94A270692002702100A73F77 /* Release */ = {
			isa = XCBuildConfiguration;
			buildSettings = {
				ASSETCATALOG_COMPILER_APPICON_NAME = AppIcon;
				DEVELOPMENT_TEAM = F3STVUX4CB;
				INFOPLIST_FILE = "Pokemon-Pokedex/Info.plist";
				LD_RUNPATH_SEARCH_PATHS = "$(inherited) @executable_path/Frameworks";
				PRODUCT_BUNDLE_IDENTIFIER = "CHR.Pokemon-Pokedex";
				PRODUCT_NAME = "$(TARGET_NAME)";
				SWIFT_VERSION = 3.0;
			};
			name = Release;
		};
/* End XCBuildConfiguration section */

/* Begin XCConfigurationList section */
		94A270502002702100A73F77 /* Build configuration list for PBXProject "Pokemon-Pokedex" */ = {
			isa = XCConfigurationList;
			buildConfigurations = (
				94A270652002702100A73F77 /* Debug */,
				94A270662002702100A73F77 /* Release */,
			);
			defaultConfigurationIsVisible = 0;
			defaultConfigurationName = Release;
		};
		94A270672002702100A73F77 /* Build configuration list for PBXNativeTarget "Pokemon-Pokedex" */ = {
			isa = XCConfigurationList;
			buildConfigurations = (
				94A270682002702100A73F77 /* Debug */,
				94A270692002702100A73F77 /* Release */,
			);
			defaultConfigurationIsVisible = 0;
		};
/* End XCConfigurationList section */
	};
	rootObject = 94A2704D2002702100A73F77 /* Project object */;
}
